
Microsoft Visual Studio Solution File, Format Version 12.00
# Visual Studio 14
VisualStudioVersion = 14.0.25420.1
MinimumVisualStudioVersion = 10.0.40219.1
Project("{FAE04EC0-301F-11D3-BF4B-00C04F79EFBC}") = "GraphTest", "GraphTest\GraphTest.csproj", "{6B02D814-7F2F-43D4-97F3-80E11FB09D0E}"
EndProject
Project("{FAE04EC0-301F-11D3-BF4B-00C04F79EFBC}") = "XSWindowFormControl", "XSWindowFormControl\XSWindowFormControl.csproj", "{5411D79D-27C0-4334-8588-C30E5BA852CD}"
EndProject
Project("{FAE04EC0-301F-11D3-BF4B-00C04F79EFBC}") = "TemperatureMonitor", "TemperatureMonitor\TemperatureMonitor.csproj", "{EB577775-3B8D-4F81-8C24-714A29BF6F07}"
EndProject
Global
	GlobalSection(SolutionConfigurationPlatforms) = preSolution
		Debug|Any CPU = Debug|Any CPU
		Release|Any CPU = Release|Any CPU
	EndGlobalSection
	GlobalSection(ProjectConfigurationPlatforms) = postSolution
		{6B02D814-7F2F-43D4-97F3-80E11FB09D0E}.Debug|Any CPU.ActiveCfg = Debug|Any CPU
		{6B02D814-7F2F-43D4-97F3-80E11FB09D0E}.Debug|Any CPU.Build.0 = Debug|Any CPU
		{6B02D814-7F2F-43D4-97F3-80E11FB09D0E}.Release|Any CPU.ActiveCfg = Release|Any CPU
		{6B02D814-7F2F-43D4-97F3-80E11FB09D0E}.Release|Any CPU.Build.0 = Release|Any CPU
		{5411D79D-27C0-4334-8588-C30E5BA852CD}.Debug|Any CPU.ActiveCfg = Debug|Any CPU
		{5411D79D-27C0-4334-8588-C30E5BA852CD}.Debug|Any CPU.Build.0 = Debug|Any CPU
		{5411D79D-27C0-4334-8588-C30E5BA852CD}.Release|Any CPU.ActiveCfg = Release|Any CPU
		{5411D79D-27C0-4334-8588-C30E5BA852CD}.Release|Any CPU.Build.0 = Release|Any CPU
		{EB577775-3B8D-4F81-8C24-714A29BF6F07}.Debug|Any CPU.ActiveCfg = Debug|Any CPU
		{EB577775-3B8D-4F81-8C24-714A29BF6F07}.Debug|Any CPU.Build.0 = Debug|Any CPU
		{EB577775-3B8D-4F81-8C24-714A29BF6F07}.Release|Any CPU.ActiveCfg = Release|Any CPU
		{EB577775-3B8D-4F81-8C24-714A29BF6F07}.Release|Any CPU.Build.0 = Release|Any CPU
	EndGlobalSection
	GlobalSection(SolutionProperties) = preSolution
		HideSolutionNode = FALSE
	EndGlobalSection
EndGlobal
